
Microsoft Visual Studio Solution File, Format Version 12.00
# Visual Studio 15
VisualStudioVersion = 15.0.28307.102
MinimumVisualStudioVersion = 10.0.40219.1
Project("{FAE04EC0-301F-11D3-BF4B-00C04F79EFBC}") = "Electronic Shop", "Electronic Shop\Electronic Shop.csproj", "{8379D2DF-2907-42AA-BD03-E318E0B457E6}"
EndProject
Global
	GlobalSection(SolutionConfigurationPlatforms) = preSolution
		Debug|Any CPU = Debug|Any CPU
		Release|Any CPU = Release|Any CPU
	EndGlobalSection
	GlobalSection(ProjectConfigurationPlatforms) = postSolution
		{8379D2DF-2907-42AA-BD03-E318E0B457E6}.Debug|Any CPU.ActiveCfg = Debug|Any CPU
		{8379D2DF-2907-42AA-BD03-E318E0B457E6}.Debug|Any CPU.Build.0 = Debug|Any CPU
		{8379D2DF-2907-42AA-BD03-E318E0B457E6}.Release|Any CPU.ActiveCfg = Release|Any CPU
		{8379D2DF-2907-42AA-BD03-E318E0B457E6}.Release|Any CPU.Build.0 = Release|Any CPU
	EndGlobalSection
	GlobalSection(SolutionProperties) = preSolution
		HideSolutionNode = FALSE
	EndGlobalSection
	GlobalSection(ExtensibilityGlobals) = postSolution
		SolutionGuid = {0B3E931D-60FC-4985-917E-78E5E8E243EE}
	EndGlobalSection
EndGlobal
